# This file is automatically @generated by Poetry 2.1.2 and should not be changed by hand.

[[package]]
name = "asgiref"
version = "3.8.1"
description = "ASGI specs, helper code, and adapters"
optional = false
python-versions = ">=3.8"
groups = ["main", "dev"]
files = [
    {file = "asgiref-3.8.1-py3-none-any.whl", hash = "sha256:3e1e3ecc849832fe52ccf2cb6686b7a55f82bb1d6aee72a58826471390335e47"},
    {file = "asgiref-3.8.1.tar.gz", hash = "sha256:c343bd80a0bec947a9860adb4c432ffa7db769836c64238fc34bdc3fec84d590"},
]

[package.dependencies]
typing-extensions = {version = ">=4", markers = "python_version < \"3.11\""}

[package.extras]
tests = ["mypy (>=0.800)", "pytest", "pytest-asyncio"]

[[package]]
name = "django"
version = "4.2.10"
description = "A high-level Python web framework that encourages rapid development and clean, pragmatic design."
optional = false
python-versions = ">=3.8"
groups = ["main", "dev"]
files = [
    {file = "Django-4.2.10-py3-none-any.whl", hash = "sha256:a2d4c4d4ea0b6f0895acde632071aff6400bfc331228fc978b05452a0ff3e9f1"},
    {file = "Django-4.2.10.tar.gz", hash = "sha256:b1260ed381b10a11753c73444408e19869f3241fc45c985cd55a30177c789d13"},
]

[package.dependencies]
asgiref = ">=3.6.0,<4"
sqlparse = ">=0.3.1"
tzdata = {version = "*", markers = "sys_platform == \"win32\""}

[package.extras]
argon2 = ["argon2-cffi (>=19.1.0)"]
bcrypt = ["bcrypt"]

[[package]]
name = "django-debug-toolbar"
version = "3.8.1"
description = "A configurable set of panels that display various debug information about the current request/response."
optional = false
python-versions = ">=3.7"
groups = ["dev"]
files = [
    {file = "django_debug_toolbar-3.8.1-py3-none-any.whl", hash = "sha256:879f8a4672d41621c06a4d322dcffa630fc4df056cada6e417ed01db0e5e0478"},
    {file = "django_debug_toolbar-3.8.1.tar.gz", hash = "sha256:24ef1a7d44d25e60d7951e378454c6509bf536dce7e7d9d36e7c387db499bc27"},
]

[package.dependencies]
django = ">=3.2.4"
sqlparse = ">=0.2"

[[package]]
name = "graphql-core"
version = "3.2.3"
description = "GraphQL implementation for Python, a port of GraphQL.js, the JavaScript reference implementation for GraphQL."
optional = false
python-versions = ">=3.6,<4"
groups = ["main"]
files = [
    {file = "graphql-core-3.2.3.tar.gz", hash = "sha256:06d2aad0ac723e35b1cb47885d3e5c45e956a53bc1b209a9fc5369007fe46676"},
    {file = "graphql_core-3.2.3-py3-none-any.whl", hash = "sha256:5766780452bd5ec8ba133f8bf287dc92713e3868ddd83aee4faab9fc3e303dc3"},
]

[[package]]
name = "packaging"
version = "24.2"
description = "Core utilities for Python packages"
optional = false
python-versions = ">=3.8"
groups = ["main"]
files = [
    {file = "packaging-24.2-py3-none-any.whl", hash = "sha256:09abb1bccd265c01f4a3aa3f7a7db064b36514d2cba19a2f694fe6150451a759"},
    {file = "packaging-24.2.tar.gz", hash = "sha256:c228a6dc5e932d346bc5739379109d49e8853dd8223571c7c5b55260edc0b97f"},
]

[[package]]
name = "python-dateutil"
version = "2.8.2"
description = "Extensions to the standard Python datetime module"
optional = false
python-versions = "!=3.0.*,!=3.1.*,!=3.2.*,>=2.7"
groups = ["main"]
files = [
    {file = "python-dateutil-2.8.2.tar.gz", hash = "sha256:0123cacc1627ae19ddf3c27a5de5bd67ee4586fbdd6440d9748f8abb483d3e86"},
    {file = "python_dateutil-2.8.2-py2.py3-none-any.whl", hash = "sha256:961d03dc3453ebbc59dbdea9e4e11c5651520a876d0f4db161e8674aae935da9"},
]

[package.dependencies]
six = ">=1.5"

[[package]]
name = "six"
version = "1.16.0"
description = "Python 2 and 3 compatibility utilities"
optional = false
python-versions = ">=2.7, !=3.0.*, !=3.1.*, !=3.2.*"
groups = ["main"]
files = [
    {file = "six-1.16.0-py2.py3-none-any.whl", hash = "sha256:8abb2f1d86890a2dfb989f9a77cfcfd3e47c2a354b01111771326f8aa26e0254"},
    {file = "six-1.16.0.tar.gz", hash = "sha256:1e61c37477a1626458e36f7b1d82aa5c9b094fa4802892072e49de9c60c4c926"},
]

[[package]]
name = "sqlparse"
version = "0.4.3"
description = "A non-validating SQL parser."
optional = false
python-versions = ">=3.5"
groups = ["main", "dev"]
files = [
    {file = "sqlparse-0.4.3-py3-none-any.whl", hash = "sha256:0323c0ec29cd52bceabc1b4d9d579e311f3e4961b98d174201d5622a23b85e34"},
    {file = "sqlparse-0.4.3.tar.gz", hash = "sha256:69ca804846bb114d2ec380e4360a8a340db83f0ccf3afceeb1404df028f57268"},
]

[[package]]
name = "strawberry-graphql"
version = "0.262.6"
description = "A library for creating GraphQL APIs"
optional = false
python-versions = ">=3.9"
groups = ["main"]
files = [
    {file = "strawberry_graphql-0.262.6-py3-none-any.whl", hash = "sha256:f0095cc86f41f24d0b4fbe5f3556f56c304ac5585867ea2af12210ed9a4d3ffd"},
    {file = "strawberry_graphql-0.262.6.tar.gz", hash = "sha256:ed9c91511142581c2a1e6a398cabf9c1cc6727c67e8a80aaedeacba2a2f27955"},
]

[package.dependencies]
graphql-core = {version = ">=3.2.0,<3.4.0", markers = "python_version >= \"3.9\" and python_version < \"4.0\""}
packaging = ">=23"
python-dateutil = ">=2.7.0,<3.0.0"
typing-extensions = ">=4.5.0"

[package.extras]
aiohttp = ["aiohttp (>=3.7.4.post0,<4.0.0)"]
asgi = ["python-multipart (>=0.0.7)", "starlette (>=0.18.0)"]
chalice = ["chalice (>=1.22,<2.0)"]
channels = ["asgiref (>=3.2,<4.0)", "channels (>=3.0.5)"]
cli = ["libcst (>=0.4.7)", "pygments (>=2.3,<3.0)", "rich (>=12.0.0)", "typer (>=0.7.0)"]
debug = ["libcst (>=0.4.7)", "rich (>=12.0.0)"]
debug-server = ["libcst (>=0.4.7)", "pygments (>=2.3,<3.0)", "python-multipart (>=0.0.7)", "rich (>=12.0.0)", "starlette (>=0.18.0)", "typer (>=0.7.0)", "uvicorn (>=0.11.6)"]
django = ["Django (>=3.2)", "asgiref (>=3.2,<4.0)"]
fastapi = ["fastapi (>=0.65.2)", "python-multipart (>=0.0.7)"]
flask = ["flask (>=1.1)"]
litestar = ["litestar (>=2) ; python_version >= \"3.10\" and python_version < \"4.0\""]
opentelemetry = ["opentelemetry-api (<2)", "opentelemetry-sdk (<2)"]
pydantic = ["pydantic (>1.6.1)"]
pyinstrument = ["pyinstrument (>=4.0.0)"]
quart = ["quart (>=0.19.3)"]
sanic = ["sanic (>=20.12.2)"]

[[package]]
name = "strawberry-graphql-django"
version = "0.57.1"
description = "Strawberry GraphQL Django extension"
optional = false
python-versions = ">=3.9,<4.0"
groups = ["main"]
files = []
develop = false

[package.dependencies]
asgiref = ">=3.8"
django = ">=4.2"
strawberry-graphql = ">=0.258.0"

[package.extras]
debug-toolbar = ["django-debug-toolbar (>=3.4)"]
enum = ["django-choices-field (>=2.2.2)"]

[package.source]
type = "directory"
url = "../.."

[[package]]
name = "typing-extensions"
version = "4.13.0"
description = "Backported and Experimental Type Hints for Python 3.8+"
optional = false
python-versions = ">=3.8"
groups = ["main", "dev"]
files = [
    {file = "typing_extensions-4.13.0-py3-none-any.whl", hash = "sha256:c8dd92cc0d6425a97c18fbb9d1954e5ff92c1ca881a309c45f06ebc0b79058e5"},
    {file = "typing_extensions-4.13.0.tar.gz", hash = "sha256:0a4ac55a5820789d87e297727d229866c9650f6521b64206413c4fbada24d95b"},
]
markers = {dev = "python_version < \"3.11\""}

[[package]]
name = "tzdata"
version = "2023.4"
description = "Provider of IANA time zone data"
optional = false
python-versions = ">=2"
groups = ["main", "dev"]
markers = "sys_platform == \"win32\""
files = [
    {file = "tzdata-2023.4-py2.py3-none-any.whl", hash = "sha256:aa3ace4329eeacda5b7beb7ea08ece826c28d761cda36e747cfbf97996d39bf3"},
    {file = "tzdata-2023.4.tar.gz", hash = "sha256:dd54c94f294765522c77399649b4fefd95522479a664a0cec87f41bebc6148c9"},
]

[metadata]
lock-version = "2.1"
python-versions = ">=3.9,<4.0"
content-hash = "2888d685de214383fed517c100a26a3b546c7cb6880916f2e199af6cfcb8dcc9"
